// !$*UTF8*$!
{
	archiveVersion = 1;
	classes = {
	};
	objectVersion = 48;
	objects = {

/* Begin PBXBuildFile section */
		17EE61D21FCB1DE4006956C7 /* Snap.swift in Sources */ = {isa = PBXBuildFile; fileRef = 17EE61D11FCB1DE4006956C7 /* Snap.swift */; };
		17EE61D41FCB21C7006956C7 /* VerSnapViewController.swift in Sources */ = {isa = PBXBuildFile; fileRef = 17EE61D31FCB21C7006956C7 /* VerSnapViewController.swift */; };
		B5BF41826CFC263ED0CA1637 /* Pods_Snapchat.framework in Frameworks */ = {isa = PBXBuildFile; fileRef = CC8520F291057A95FDD6A34E /* Pods_Snapchat.framework */; };
		E216090D1FC3818E002E45FB /* ElegirUsuarioViewController.swift in Sources */ = {isa = PBXBuildFile; fileRef = E216090C1FC3818E002E45FB /* ElegirUsuarioViewController.swift */; };
		E21609141FC39467002E45FB /* Usuario.swift in Sources */ = {isa = PBXBuildFile; fileRef = E21609131FC39467002E45FB /* Usuario.swift */; };
		E2D8B6831FBA2E4900C1185D /* AppDelegate.swift in Sources */ = {isa = PBXBuildFile; fileRef = E2D8B6821FBA2E4900C1185D /* AppDelegate.swift */; };
		E2D8B6851FBA2E4900C1185D /* ViewController.swift in Sources */ = {isa = PBXBuildFile; fileRef = E2D8B6841FBA2E4900C1185D /* ViewController.swift */; };
		E2D8B6881FBA2E4900C1185D /* Main.storyboard in Resources */ = {isa = PBXBuildFile; fileRef = E2D8B6861FBA2E4900C1185D /* Main.storyboard */; };
		E2D8B68A1FBA2E4900C1185D /* Assets.xcassets in Resources */ = {isa = PBXBuildFile; fileRef = E2D8B6891FBA2E4900C1185D /* Assets.xcassets */; };
		E2D8B68D1FBA2E4900C1185D /* LaunchScreen.storyboard in Resources */ = {isa = PBXBuildFile; fileRef = E2D8B68B1FBA2E4900C1185D /* LaunchScreen.storyboard */; };
		E2D8B6951FBA307F00C1185D /* GoogleService-Info.plist in Resources */ = {isa = PBXBuildFile; fileRef = E2D8B6941FBA307F00C1185D /* GoogleService-Info.plist */; };
		E2D8B6981FBA4FE300C1185D /* SnapsViewController.swift in Sources */ = {isa = PBXBuildFile; fileRef = E2D8B6971FBA4FE300C1185D /* SnapsViewController.swift */; };
		E2D8B69A1FBA52BB00C1185D /* ImagenViewController.swift in Sources */ = {isa = PBXBuildFile; fileRef = E2D8B6991FBA52BB00C1185D /* ImagenViewController.swift */; };
/* End PBXBuildFile section */

/* Begin PBXFileReference section */
		17EE61D11FCB1DE4006956C7 /* Snap.swift */ = {isa = PBXFileReference; lastKnownFileType = sourcecode.swift; path = Snap.swift; sourceTree = "<group>"; };
		17EE61D31FCB21C7006956C7 /* VerSnapViewController.swift */ = {isa = PBXFileReference; lastKnownFileType = sourcecode.swift; path = VerSnapViewController.swift; sourceTree = "<group>"; };
		1BCD4EED8447414159C71405 /* Pods-Snapchat.debug.xcconfig */ = {isa = PBXFileReference; includeInIndex = 1; lastKnownFileType = text.xcconfig; name = "Pods-Snapchat.debug.xcconfig"; path = "Pods/Target Support Files/Pods-Snapchat/Pods-Snapchat.debug.xcconfig"; sourceTree = "<group>"; };
		28398EDB3CAEABC1448388DF /* Pods-Snapchat.release.xcconfig */ = {isa = PBXFileReference; includeInIndex = 1; lastKnownFileType = text.xcconfig; name = "Pods-Snapchat.release.xcconfig"; path = "Pods/Target Support Files/Pods-Snapchat/Pods-Snapchat.release.xcconfig"; sourceTree = "<group>"; };
		CC8520F291057A95FDD6A34E /* Pods_Snapchat.framework */ = {isa = PBXFileReference; explicitFileType = wrapper.framework; includeInIndex = 0; path = Pods_Snapchat.framework; sourceTree = BUILT_PRODUCTS_DIR; };
		E216090C1FC3818E002E45FB /* ElegirUsuarioViewController.swift */ = {isa = PBXFileReference; lastKnownFileType = sourcecode.swift; path = ElegirUsuarioViewController.swift; sourceTree = "<group>"; };
		E21609131FC39467002E45FB /* Usuario.swift */ = {isa = PBXFileReference; lastKnownFileType = sourcecode.swift; path = Usuario.swift; sourceTree = "<group>"; };
		E2D8B67F1FBA2E4900C1185D /* Snapchat.app */ = {isa = PBXFileReference; explicitFileType = wrapper.application; includeInIndex = 0; path = Snapchat.app; sourceTree = BUILT_PRODUCTS_DIR; };
		E2D8B6821FBA2E4900C1185D /* AppDelegate.swift */ = {isa = PBXFileReference; lastKnownFileType = sourcecode.swift; path = AppDelegate.swift; sourceTree = "<group>"; };
		E2D8B6841FBA2E4900C1185D /* ViewController.swift */ = {isa = PBXFileReference; lastKnownFileType = sourcecode.swift; path = ViewController.swift; sourceTree = "<group>"; };
		E2D8B6871FBA2E4900C1185D /* Base */ = {isa = PBXFileReference; lastKnownFileType = file.storyboard; name = Base; path = Base.lproj/Main.storyboard; sourceTree = "<group>"; };
		E2D8B6891FBA2E4900C1185D /* Assets.xcassets */ = {isa = PBXFileReference; lastKnownFileType = folder.assetcatalog; path = Assets.xcassets; sourceTree = "<group>"; };
		E2D8B68C1FBA2E4900C1185D /* Base */ = {isa = PBXFileReference; lastKnownFileType = file.storyboard; name = Base; path = Base.lproj/LaunchScreen.storyboard; sourceTree = "<group>"; };
		E2D8B68E1FBA2E4900C1185D /* Info.plist */ = {isa = PBXFileReference; lastKnownFileType = text.plist.xml; path = Info.plist; sourceTree = "<group>"; };
		E2D8B6941FBA307F00C1185D /* GoogleService-Info.plist */ = {isa = PBXFileReference; fileEncoding = 4; lastKnownFileType = text.plist.xml; path = "GoogleService-Info.plist"; sourceTree = "<group>"; };
		E2D8B6961FBA4F2200C1185D /* Snapchat.entitlements */ = {isa = PBXFileReference; lastKnownFileType = text.plist.entitlements; path = Snapchat.entitlements; sourceTree = "<group>"; };
		E2D8B6971FBA4FE300C1185D /* SnapsViewController.swift */ = {isa = PBXFileReference; lastKnownFileType = sourcecode.swift; path = SnapsViewController.swift; sourceTree = "<group>"; };
		E2D8B6991FBA52BB00C1185D /* ImagenViewController.swift */ = {isa = PBXFileReference; lastKnownFileType = sourcecode.swift; path = ImagenViewController.swift; sourceTree = "<group>"; };
/* End PBXFileReference section */

/* Begin PBXFrameworksBuildPhase section */
		E2D8B67C1FBA2E4900C1185D /* Frameworks */ = {
			isa = PBXFrameworksBuildPhase;
			buildActionMask = 2147483647;
			files = (
				B5BF41826CFC263ED0CA1637 /* Pods_Snapchat.framework in Frameworks */,
			);
			runOnlyForDeploymentPostprocessing = 0;
		};
/* End PBXFrameworksBuildPhase section */

/* Begin PBXGroup section */
		D82DF36D5A459D6176DB2A7B /* Pods */ = {
			isa = PBXGroup;
			children = (
				1BCD4EED8447414159C71405 /* Pods-Snapchat.debug.xcconfig */,
				28398EDB3CAEABC1448388DF /* Pods-Snapchat.release.xcconfig */,
			);
			name = Pods;
			sourceTree = "<group>";
		};
		DAF984FD3A3F8E4B3EC5E43E /* Frameworks */ = {
			isa = PBXGroup;
			children = (
				CC8520F291057A95FDD6A34E /* Pods_Snapchat.framework */,
			);
			name = Frameworks;
			sourceTree = "<group>";
		};
		E21609111FC3940A002E45FB /* ViewControllers */ = {
			isa = PBXGroup;
			children = (
				E2D8B6841FBA2E4900C1185D /* ViewController.swift */,
				E2D8B6971FBA4FE300C1185D /* SnapsViewController.swift */,
				E2D8B6991FBA52BB00C1185D /* ImagenViewController.swift */,
				E216090C1FC3818E002E45FB /* ElegirUsuarioViewController.swift */,
				17EE61D31FCB21C7006956C7 /* VerSnapViewController.swift */,
			);
			path = ViewControllers;
			sourceTree = "<group>";
		};
		E21609121FC39446002E45FB /* Modelos */ = {
			isa = PBXGroup;
			children = (
				E21609131FC39467002E45FB /* Usuario.swift */,
				17EE61D11FCB1DE4006956C7 /* Snap.swift */,
			);
			path = Modelos;
			sourceTree = "<group>";
		};
		E2D8B6761FBA2E4900C1185D = {
			isa = PBXGroup;
			children = (
				E2D8B6811FBA2E4900C1185D /* Snapchat */,
				E2D8B6801FBA2E4900C1185D /* Products */,
				D82DF36D5A459D6176DB2A7B /* Pods */,
				DAF984FD3A3F8E4B3EC5E43E /* Frameworks */,
			);
			sourceTree = "<group>";
		};
		E2D8B6801FBA2E4900C1185D /* Products */ = {
			isa = PBXGroup;
			children = (
				E2D8B67F1FBA2E4900C1185D /* Snapchat.app */,
			);
			name = Products;
			sourceTree = "<group>";
		};
		E2D8B6811FBA2E4900C1185D /* Snapchat */ = {
			isa = PBXGroup;
			children = (
				E21609121FC39446002E45FB /* Modelos */,
				E21609111FC3940A002E45FB /* ViewControllers */,
				E2D8B6961FBA4F2200C1185D /* Snapchat.entitlements */,
				E2D8B6941FBA307F00C1185D /* GoogleService-Info.plist */,
				E2D8B6821FBA2E4900C1185D /* AppDelegate.swift */,
				E2D8B6861FBA2E4900C1185D /* Main.storyboard */,
				E2D8B6891FBA2E4900C1185D /* Assets.xcassets */,
				E2D8B68B1FBA2E4900C1185D /* LaunchScreen.storyboard */,
				E2D8B68E1FBA2E4900C1185D /* Info.plist */,
			);
			path = Snapchat;
			sourceTree = "<group>";
		};
/* End PBXGroup section */

/* Begin PBXNativeTarget section */
		E2D8B67E1FBA2E4900C1185D /* Snapchat */ = {
			isa = PBXNativeTarget;
			buildConfigurationList = E2D8B6911FBA2E4900C1185D /* Build configuration list for PBXNativeTarget "Snapchat" */;
			buildPhases = (
				CEDA4AA0E4E7391FB58A9A07 /* [CP] Check Pods Manifest.lock */,
				E2D8B67B1FBA2E4900C1185D /* Sources */,
				E2D8B67C1FBA2E4900C1185D /* Frameworks */,
				E2D8B67D1FBA2E4900C1185D /* Resources */,
				AC1623FB5E59228EA2A8B6F2 /* [CP] Embed Pods Frameworks */,
				516AF1BD2CEC9FD3D104AC8A /* [CP] Copy Pods Resources */,
			);
			buildRules = (
			);
			dependencies = (
			);
			name = Snapchat;
			productName = Snapchat;
			productReference = E2D8B67F1FBA2E4900C1185D /* Snapchat.app */;
			productType = "com.apple.product-type.application";
		};
/* End PBXNativeTarget section */

/* Begin PBXProject section */
		E2D8B6771FBA2E4900C1185D /* Project object */ = {
			isa = PBXProject;
			attributes = {
				LastSwiftUpdateCheck = 0900;
				LastUpgradeCheck = 0900;
				ORGANIZATIONNAME = Tecsup;
				TargetAttributes = {
					E2D8B67E1FBA2E4900C1185D = {
						CreatedOnToolsVersion = 9.0.1;
						ProvisioningStyle = Automatic;
						SystemCapabilities = {
							com.apple.Keychain = {
								enabled = 1;
							};
						};
					};
				};
			};
			buildConfigurationList = E2D8B67A1FBA2E4900C1185D /* Build configuration list for PBXProject "Snapchat" */;
			compatibilityVersion = "Xcode 8.0";
			developmentRegion = en;
			hasScannedForEncodings = 0;
			knownRegions = (
				en,
				Base,
			);
			mainGroup = E2D8B6761FBA2E4900C1185D;
			productRefGroup = E2D8B6801FBA2E4900C1185D /* Products */;
			projectDirPath = "";
			projectRoot = "";
			targets = (
				E2D8B67E1FBA2E4900C1185D /* Snapchat */,
			);
		};
/* End PBXProject section */

/* Begin PBXResourcesBuildPhase section */
		E2D8B67D1FBA2E4900C1185D /* Resources */ = {
			isa = PBXResourcesBuildPhase;
			buildActionMask = 2147483647;
			files = (
				E2D8B68D1FBA2E4900C1185D /* LaunchScreen.storyboard in Resources */,
				E2D8B6951FBA307F00C1185D /* GoogleService-Info.plist in Resources */,
				E2D8B68A1FBA2E4900C1185D /* Assets.xcassets in Resources */,
				E2D8B6881FBA2E4900C1185D /* Main.storyboard in Resources */,
			);
			runOnlyForDeploymentPostprocessing = 0;
		};
/* End PBXResourcesBuildPhase section */

/* Begin PBXShellScriptBuildPhase section */
		516AF1BD2CEC9FD3D104AC8A /* [CP] Copy Pods Resources */ = {
			isa = PBXShellScriptBuildPhase;
			buildActionMask = 2147483647;
			files = (
			);
			inputPaths = (
			);
			name = "[CP] Copy Pods Resources";
			outputPaths = (
			);
			runOnlyForDeploymentPostprocessing = 0;
			shellPath = /bin/sh;
			shellScript = "\"${SRCROOT}/Pods/Target Support Files/Pods-Snapchat/Pods-Snapchat-resources.sh\"\n";
			showEnvVarsInLog = 0;
		};
		AC1623FB5E59228EA2A8B6F2 /* [CP] Embed Pods Frameworks */ = {
			isa = PBXShellScriptBuildPhase;
			buildActionMask = 2147483647;
			files = (
			);
			inputPaths = (
				"${SRCROOT}/Pods/Target Support Files/Pods-Snapchat/Pods-Snapchat-frameworks.sh",
				"${BUILT_PRODUCTS_DIR}/GTMSessionFetcher/GTMSessionFetcher.framework",
				"${BUILT_PRODUCTS_DIR}/GoogleToolboxForMac/GoogleToolboxForMac.framework",
				"${BUILT_PRODUCTS_DIR}/leveldb-library/leveldb.framework",
				"${BUILT_PRODUCTS_DIR}/nanopb/nanopb.framework",
			);
			name = "[CP] Embed Pods Frameworks";
			outputPaths = (
				"${TARGET_BUILD_DIR}/${FRAMEWORKS_FOLDER_PATH}/GTMSessionFetcher.framework",
				"${TARGET_BUILD_DIR}/${FRAMEWORKS_FOLDER_PATH}/GoogleToolboxForMac.framework",
				"${TARGET_BUILD_DIR}/${FRAMEWORKS_FOLDER_PATH}/leveldb.framework",
				"${TARGET_BUILD_DIR}/${FRAMEWORKS_FOLDER_PATH}/nanopb.framework",
			);
			runOnlyForDeploymentPostprocessing = 0;
			shellPath = /bin/sh;
			shellScript = "\"${SRCROOT}/Pods/Target Support Files/Pods-Snapchat/Pods-Snapchat-frameworks.sh\"\n";
			showEnvVarsInLog = 0;
		};
		CEDA4AA0E4E7391FB58A9A07 /* [CP] Check Pods Manifest.lock */ = {
			isa = PBXShellScriptBuildPhase;
			buildActionMask = 2147483647;
			files = (
			);
			inputPaths = (
				"${PODS_PODFILE_DIR_PATH}/Podfile.lock",
				"${PODS_ROOT}/Manifest.lock",
			);
			name = "[CP] Check Pods Manifest.lock";
			outputPaths = (
				"$(DERIVED_FILE_DIR)/Pods-Snapchat-checkManifestLockResult.txt",
			);
			runOnlyForDeploymentPostprocessing = 0;
			shellPath = /bin/sh;
			shellScript = "diff \"${PODS_PODFILE_DIR_PATH}/Podfile.lock\" \"${PODS_ROOT}/Manifest.lock\" > /dev/null\nif [ $? != 0 ] ; then\n    # print error to STDERR\n    echo \"error: The sandbox is not in sync with the Podfile.lock. Run 'pod install' or update your CocoaPods installation.\" >&2\n    exit 1\nfi\n# This output is used by Xcode 'outputs' to avoid re-running this script phase.\necho \"SUCCESS\" > \"${SCRIPT_OUTPUT_FILE_0}\"\n";
			showEnvVarsInLog = 0;
		};
/* End PBXShellScriptBuildPhase section */

/* Begin PBXSourcesBuildPhase section */
		E2D8B67B1FBA2E4900C1185D /* Sources */ = {
			isa = PBXSourcesBuildPhase;
			buildActionMask = 2147483647;
			files = (
				E2D8B6851FBA2E4900C1185D /* ViewController.swift in Sources */,
				E2D8B69A1FBA52BB00C1185D /* ImagenViewController.swift in Sources */,
				E21609141FC39467002E45FB /* Usuario.swift in Sources */,
				E2D8B6831FBA2E4900C1185D /* AppDelegate.swift in Sources */,
				17EE61D41FCB21C7006956C7 /* VerSnapViewController.swift in Sources */,
				17EE61D21FCB1DE4006956C7 /* Snap.swift in Sources */,
				E2D8B6981FBA4FE300C1185D /* SnapsViewController.swift in Sources */,
				E216090D1FC3818E002E45FB /* ElegirUsuarioViewController.swift in Sources */,
			);
			runOnlyForDeploymentPostprocessing = 0;
		};
/* End PBXSourcesBuildPhase section */

/* Begin PBXVariantGroup section */
		E2D8B6861FBA2E4900C1185D /* Main.storyboard */ = {
			isa = PBXVariantGroup;
			children = (
				E2D8B6871FBA2E4900C1185D /* Base */,
			);
			name = Main.storyboard;
			sourceTree = "<group>";
		};
		E2D8B68B1FBA2E4900C1185D /* LaunchScreen.storyboard */ = {
			isa = PBXVariantGroup;
			children = (
				E2D8B68C1FBA2E4900C1185D /* Base */,
			);
			name = LaunchScreen.storyboard;
			sourceTree = "<group>";
		};
/* End PBXVariantGroup section */

/* Begin XCBuildConfiguration section */
		E2D8B68F1FBA2E4900C1185D /* Debug */ = {
			isa = XCBuildConfiguration;
			buildSettings = {
				ALWAYS_SEARCH_USER_PATHS = NO;
				CLANG_ANALYZER_NONNULL = YES;
				CLANG_ANALYZER_NUMBER_OBJECT_CONVERSION = YES_AGGRESSIVE;
				CLANG_CXX_LANGUAGE_STANDARD = "gnu++14";
				CLANG_CXX_LIBRARY = "libc++";
				CLANG_ENABLE_MODULES = YES;
				CLANG_ENABLE_OBJC_ARC = YES;
				CLANG_WARN_BLOCK_CAPTURE_AUTORELEASING = YES;
				CLANG_WARN_BOOL_CONVERSION = YES;
				CLANG_WARN_COMMA = YES;
				CLANG_WARN_CONSTANT_CONVERSION = YES;
				CLANG_WARN_DIRECT_OBJC_ISA_USAGE = YES_ERROR;
				CLANG_WARN_DOCUMENTATION_COMMENTS = YES;
				CLANG_WARN_EMPTY_BODY = YES;
				CLANG_WARN_ENUM_CONVERSION = YES;
				CLANG_WARN_INFINITE_RECURSION = YES;
				CLANG_WARN_INT_CONVERSION = YES;
				CLANG_WARN_NON_LITERAL_NULL_CONVERSION = YES;
				CLANG_WARN_OBJC_LITERAL_CONVERSION = YES;
				CLANG_WARN_OBJC_ROOT_CLASS = YES_ERROR;
				CLANG_WARN_RANGE_LOOP_ANALYSIS = YES;
				CLANG_WARN_STRICT_PROTOTYPES = YES;
				CLANG_WARN_SUSPICIOUS_MOVE = YES;
				CLANG_WARN_UNGUARDED_AVAILABILITY = YES_AGGRESSIVE;
				CLANG_WARN_UNREACHABLE_CODE = YES;
				CLANG_WARN__DUPLICATE_METHOD_MATCH = YES;
				CODE_SIGN_IDENTITY = "iPhone Developer";
				COPY_PHASE_STRIP = NO;
				DEBUG_INFORMATION_FORMAT = dwarf;
				ENABLE_STRICT_OBJC_MSGSEND = YES;
				ENABLE_TESTABILITY = YES;
				GCC_C_LANGUAGE_STANDARD = gnu11;
				GCC_DYNAMIC_NO_PIC = NO;
				GCC_NO_COMMON_BLOCKS = YES;
				GCC_OPTIMIZATION_LEVEL = 0;
				GCC_PREPROCESSOR_DEFINITIONS = (
					"DEBUG=1",
					"$(inherited)",
				);
				GCC_WARN_64_TO_32_BIT_CONVERSION = YES;
				GCC_WARN_ABOUT_RETURN_TYPE = YES_ERROR;
				GCC_WARN_UNDECLARED_SELECTOR = YES;
				GCC_WARN_UNINITIALIZED_AUTOS = YES_AGGRESSIVE;
				GCC_WARN_UNUSED_FUNCTION = YES;
				GCC_WARN_UNUSED_VARIABLE = YES;
				IPHONEOS_DEPLOYMENT_TARGET = 11.0;
				MTL_ENABLE_DEBUG_INFO = YES;
				ONLY_ACTIVE_ARCH = YES;
				SDKROOT = iphoneos;
				SWIFT_ACTIVE_COMPILATION_CONDITIONS = DEBUG;
				SWIFT_OPTIMIZATION_LEVEL = "-Onone";
			};
			name = Debug;
		};
		E2D8B6901FBA2E4900C1185D /* Release */ = {
			isa = XCBuildConfiguration;
			buildSettings = {
				ALWAYS_SEARCH_USER_PATHS = NO;
				CLANG_ANALYZER_NONNULL = YES;
				CLANG_ANALYZER_NUMBER_OBJECT_CONVERSION = YES_AGGRESSIVE;
				CLANG_CXX_LANGUAGE_STANDARD = "gnu++14";
				CLANG_CXX_LIBRARY = "libc++";
				CLANG_ENABLE_MODULES = YES;
				CLANG_ENABLE_OBJC_ARC = YES;
				CLANG_WARN_BLOCK_CAPTURE_AUTORELEASING = YES;
				CLANG_WARN_BOOL_CONVERSION = YES;
				CLANG_WARN_COMMA = YES;
				CLANG_WARN_CONSTANT_CONVERSION = YES;
				CLANG_WARN_DIRECT_OBJC_ISA_USAGE = YES_ERROR;
				CLANG_WARN_DOCUMENTATION_COMMENTS = YES;
				CLANG_WARN_EMPTY_BODY = YES;
				CLANG_WARN_ENUM_CONVERSION = YES;
				CLANG_WARN_INFINITE_RECURSION = YES;
				CLANG_WARN_INT_CONVERSION = YES;
				CLANG_WARN_NON_LITERAL_NULL_CONVERSION = YES;
				CLANG_WARN_OBJC_LITERAL_CONVERSION = YES;
				CLANG_WARN_OBJC_ROOT_CLASS = YES_ERROR;
				CLANG_WARN_RANGE_LOOP_ANALYSIS = YES;
				CLANG_WARN_STRICT_PROTOTYPES = YES;
				CLANG_WARN_SUSPICIOUS_MOVE = YES;
				CLANG_WARN_UNGUARDED_AVAILABILITY = YES_AGGRESSIVE;
				CLANG_WARN_UNREACHABLE_CODE = YES;
				CLANG_WARN__DUPLICATE_METHOD_MATCH = YES;
				CODE_SIGN_IDENTITY = "iPhone Developer";
				COPY_PHASE_STRIP = NO;
				DEBUG_INFORMATION_FORMAT = "dwarf-with-dsym";
				ENABLE_NS_ASSERTIONS = NO;
				ENABLE_STRICT_OBJC_MSGSEND = YES;
				GCC_C_LANGUAGE_STANDARD = gnu11;
				GCC_NO_COMMON_BLOCKS = YES;
				GCC_WARN_64_TO_32_BIT_CONVERSION = YES;
				GCC_WARN_ABOUT_RETURN_TYPE = YES_ERROR;
				GCC_WARN_UNDECLARED_SELECTOR = YES;
				GCC_WARN_UNINITIALIZED_AUTOS = YES_AGGRESSIVE;
				GCC_WARN_UNUSED_FUNCTION = YES;
				GCC_WARN_UNUSED_VARIABLE = YES;
				IPHONEOS_DEPLOYMENT_TARGET = 11.0;
				MTL_ENABLE_DEBUG_INFO = NO;
				SDKROOT = iphoneos;
				SWIFT_OPTIMIZATION_LEVEL = "-Owholemodule";
				VALIDATE_PRODUCT = YES;
			};
			name = Release;
		};
		E2D8B6921FBA2E4900C1185D /* Debug */ = {
			isa = XCBuildConfiguration;
			baseConfigurationReference = 1BCD4EED8447414159C71405 /* Pods-Snapchat.debug.xcconfig */;
			buildSettings = {
				ASSETCATALOG_COMPILER_APPICON_NAME = AppIcon;
				CODE_SIGN_ENTITLEMENTS = Snapchat/Snapchat.entitlements;
				CODE_SIGN_STYLE = Automatic;
				DEVELOPMENT_TEAM = UDRWNR8J6A;
				INFOPLIST_FILE = Snapchat/Info.plist;
				LD_RUNPATH_SEARCH_PATHS = "$(inherited) @executable_path/Frameworks";
				PRODUCT_BUNDLE_IDENTIFIER = com.tecsup.Snapchat;
				PRODUCT_NAME = "$(TARGET_NAME)";
				SWIFT_VERSION = 4.0;
				TARGETED_DEVICE_FAMILY = "1,2";
			};
			name = Debug;
		};
		E2D8B6931FBA2E4900C1185D /* Release */ = {
			isa = XCBuildConfiguration;
			baseConfigurationReference = 28398EDB3CAEABC1448388DF /* Pods-Snapchat.release.xcconfig */;
			buildSettings = {
				ASSETCATALOG_COMPILER_APPICON_NAME = AppIcon;
				CODE_SIGN_ENTITLEMENTS = Snapchat/Snapchat.entitlements;
				CODE_SIGN_STYLE = Automatic;
				DEVELOPMENT_TEAM = UDRWNR8J6A;
				INFOPLIST_FILE = Snapchat/Info.plist;
				LD_RUNPATH_SEARCH_PATHS = "$(inherited) @executable_path/Frameworks";
				PRODUCT_BUNDLE_IDENTIFIER = com.tecsup.Snapchat;
				PRODUCT_NAME = "$(TARGET_NAME)";
				SWIFT_VERSION = 4.0;
				TARGETED_DEVICE_FAMILY = "1,2";
			};
			name = Release;
		};
/* End XCBuildConfiguration section */

/* Begin XCConfigurationList section */
		E2D8B67A1FBA2E4900C1185D /* Build configuration list for PBXProject "Snapchat" */ = {
			isa = XCConfigurationList;
			buildConfigurations = (
				E2D8B68F1FBA2E4900C1185D /* Debug */,
				E2D8B6901FBA2E4900C1185D /* Release */,
			);
			defaultConfigurationIsVisible = 0;
			defaultConfigurationName = Release;
		};
		E2D8B6911FBA2E4900C1185D /* Build configuration list for PBXNativeTarget "Snapchat" */ = {
			isa = XCConfigurationList;
			buildConfigurations = (
				E2D8B6921FBA2E4900C1185D /* Debug */,
				E2D8B6931FBA2E4900C1185D /* Release */,
			);
			defaultConfigurationIsVisible = 0;
			defaultConfigurationName = Release;
		};
/* End XCConfigurationList section */
	};
	rootObject = E2D8B6771FBA2E4900C1185D /* Project object */;
}
